
Microsoft Visual Studio Solution File, Format Version 12.00
# Visual Studio 15
VisualStudioVersion = 15.0.28307.271
MinimumVisualStudioVersion = 10.0.40219.1
Project("{FAE04EC0-301F-11D3-BF4B-00C04F79EFBC}") = "MethodOverloading", "MethodOverloading\MethodOverloading.csproj", "{AF6B975B-F8C2-4362-885C-9F980657E1C3}"
EndProject
Global
	GlobalSection(SolutionConfigurationPlatforms) = preSolution
		Debug|Any CPU = Debug|Any CPU
		Release|Any CPU = Release|Any CPU
	EndGlobalSection
	GlobalSection(ProjectConfigurationPlatforms) = postSolution
		{AF6B975B-F8C2-4362-885C-9F980657E1C3}.Debug|Any CPU.ActiveCfg = Debug|Any CPU
		{AF6B975B-F8C2-4362-885C-9F980657E1C3}.Debug|Any CPU.Build.0 = Debug|Any CPU
		{AF6B975B-F8C2-4362-885C-9F980657E1C3}.Release|Any CPU.ActiveCfg = Release|Any CPU
		{AF6B975B-F8C2-4362-885C-9F980657E1C3}.Release|Any CPU.Build.0 = Release|Any CPU
	EndGlobalSection
	GlobalSection(SolutionProperties) = preSolution
		HideSolutionNode = FALSE
	EndGlobalSection
	GlobalSection(ExtensibilityGlobals) = postSolution
		SolutionGuid = {243B865A-2C62-4348-A151-E70A42434742}
	EndGlobalSection
EndGlobal
